{
  "lockfile_version": "1",
  "packages": {
    "gnumake@4.4.1": {
      "last_modified": "2024-12-03T12:40:06Z",
      "resolved": "github:NixOS/nixpkgs/566e53c2ad750c84f6d31f9ccb9d00f823165550#gnumake",
      "source": "devbox-search",
      "version": "4.4.1",
      "systems": {
        "aarch64-darwin": {
          "outputs": [
            {
              "name": "out",
              "path": "/nix/store/j2mshll8lvgc21dbmjyfcvlj98z4pl2f-gnumake-4.4.1",
              "default": true
            },
            {
              "name": "man",
              "path": "/nix/store/xf2ipc0w3wr5ymqai8dm940sw3a7xk69-gnumake-4.4.1-man",
              "default": true
            },
            {
              "name": "info",
              "path": "/nix/store/1q1mx4697p2366yf45mhrsxm415gmvh8-gnumake-4.4.1-info"
            }
          ],
          "store_path": "/nix/store/j2mshll8lvgc21dbmjyfcvlj98z4pl2f-gnumake-4.4.1"
        },
        "aarch64-linux": {
          "outputs": [
            {
              "name": "out",
              "path": "/nix/store/zwyip85vjf7972r2q71vrx9fppv7j816-gnumake-4.4.1",
              "default": true
            },
            {
              "name": "man",
              "path": "/nix/store/kkpyxq7m54gqpf7z1kjm0fkgp2i748mh-gnumake-4.4.1-man",
              "default": true
            },
            {
              "name": "debug",
              "path": "/nix/store/djip0r8g0bhyspna7zs1wdx6kl29h8dz-gnumake-4.4.1-debug"
            },
            {
              "name": "info",
              "path": "/nix/store/l3k5d0h7b6rffm97rmvrxqsk1ybpk1vc-gnumake-4.4.1-info"
            }
          ],
          "store_path": "/nix/store/zwyip85vjf7972r2q71vrx9fppv7j816-gnumake-4.4.1"
        },
        "x86_64-darwin": {
          "outputs": [
            {
              "name": "out",
              "path": "/nix/store/rhra8sm6f4mlxg2p9qwr7cig1zlfwhgq-gnumake-4.4.1",
              "default": true
            },
            {
              "name": "man",
              "path": "/nix/store/2n5zqv14340b1d71gcvxg22kk6wgm09m-gnumake-4.4.1-man",
              "default": true
            },
            {
              "name": "info",
              "path": "/nix/store/rxrkjmfi95mzymfclx1szm61p3pygd6k-gnumake-4.4.1-info"
            }
          ],
          "store_path": "/nix/store/rhra8sm6f4mlxg2p9qwr7cig1zlfwhgq-gnumake-4.4.1"
        },
        "x86_64-linux": {
          "outputs": [
            {
              "name": "out",
              "path": "/nix/store/zmdi3226094qc355n9ffhp5an9shpp2d-gnumake-4.4.1",
              "default": true
            },
            {
              "name": "man",
              "path": "/nix/store/a5kmw72gkf1isyq6xakvmrkfsvqs0gcg-gnumake-4.4.1-man",
              "default": true
            },
            {
              "name": "debug",
              "path": "/nix/store/9q813q8jf9gni01rv1s482mpqh78l806-gnumake-4.4.1-debug"
            },
            {
              "name": "info",
              "path": "/nix/store/cpnb2dpvx8ilq1y2h9cpm4zrsyi1gd4a-gnumake-4.4.1-info"
            }
          ],
          "store_path": "/nix/store/zmdi3226094qc355n9ffhp5an9shpp2d-gnumake-4.4.1"
        }
      }
    },
    "go@1.21.13": {
      "last_modified": "2024-09-10T15:01:03Z",
      "resolved": "github:NixOS/nixpkgs/5ed627539ac84809c78b2dd6d26a5cebeb5ae269#go_1_21",
      "source": "devbox-search",
      "version": "1.21.13",
      "systems": {
        "aarch64-darwin": {
          "outputs": [
            {
              "name": "out",
              "path": "/nix/store/59bymri4pr8mq5zh678smrf381i3fmy2-go-1.21.13",
              "default": true
            }
          ],
          "store_path": "/nix/store/59bymri4pr8mq5zh678smrf381i3fmy2-go-1.21.13"
        },
        "aarch64-linux": {
          "outputs": [
            {
              "name": "out",
              "path": "/nix/store/7dqbqicx8szqnyzag6l41gwbjmh1xdk0-go-1.21.13",
              "default": true
            }
          ],
          "store_path": "/nix/store/7dqbqicx8szqnyzag6l41gwbjmh1xdk0-go-1.21.13"
        },
        "x86_64-darwin": {
          "outputs": [
            {
              "name": "out",
              "path": "/nix/store/ws9bs446vgwmxchqnpjp9503x420iz75-go-1.21.13",
              "default": true
            }
          ],
          "store_path": "/nix/store/ws9bs446vgwmxchqnpjp9503x420iz75-go-1.21.13"
        },
        "x86_64-linux": {
          "outputs": [
            {
              "name": "out",
              "path": "/nix/store/yij3vkkjv7ghn055v0rqhbjzyh0dy4nq-go-1.21.13",
              "default": true
            }
          ],
          "store_path": "/nix/store/yij3vkkjv7ghn055v0rqhbjzyh0dy4nq-go-1.21.13"
        }
      }
    },
    "helm-docs@1.11.0": {
      "last_modified": "2023-09-06T20:35:33Z",
      "resolved": "github:NixOS/nixpkgs/efd23a1c9ae8c574e2ca923c2b2dc336797f4cc4#helm-docs",
      "source": "devbox-search",
      "version": "1.11.0",
      "systems": {
        "aarch64-darwin": {
          "outputs": [
            {
              "name": "out",
              "path": "/nix/store/jazcwqqwgg391zk8y81d0wdswcpbilj8-helm-docs-1.11.0",
              "default": true
            }
          ],
          "store_path": "/nix/store/jazcwqqwgg391zk8y81d0wdswcpbilj8-helm-docs-1.11.0"
        },
        "aarch64-linux": {
          "outputs": [
            {
              "name": "out",
              "path": "/nix/store/w18nrjmw2r985q5vc690bhsmxhkh3hpm-helm-docs-1.11.0",
              "default": true
            }
          ],
          "store_path": "/nix/store/w18nrjmw2r985q5vc690bhsmxhkh3hpm-helm-docs-1.11.0"
        },
        "x86_64-darwin": {
          "outputs": [
            {
              "name": "out",
              "path": "/nix/store/bvfc6f1yfacqh2y42wag0qhfyf2lb2pa-helm-docs-1.11.0",
              "default": true
            }
          ],
          "store_path": "/nix/store/bvfc6f1yfacqh2y42wag0qhfyf2lb2pa-helm-docs-1.11.0"
        },
        "x86_64-linux": {
          "outputs": [
            {
              "name": "out",
              "path": "/nix/store/50v1c7lna1bii3qnxa2272krv5adynd2-helm-docs-1.11.0",
              "default": true
            }
          ],
          "store_path": "/nix/store/50v1c7lna1bii3qnxa2272krv5adynd2-helm-docs-1.11.0"
        }
      }
    }
  }
}
